
Microsoft Visual Studio Solution File, Format Version 12.00
Project("{FAE04EC0-301F-11D3-BF4B-00C04F79EFBC}") = "Frontend", "Frontend\Frontend.csproj", "{E60456DF-A978-4972-AF87-1744D8664C79}"
EndProject
Global
	GlobalSection(SolutionConfigurationPlatforms) = preSolution
		Debug|Any CPU = Debug|Any CPU
		Release|Any CPU = Release|Any CPU
	EndGlobalSection
	GlobalSection(ProjectConfigurationPlatforms) = postSolution
		{E60456DF-A978-4972-AF87-1744D8664C79}.Debug|Any CPU.ActiveCfg = Debug|Any CPU
		{E60456DF-A978-4972-AF87-1744D8664C79}.Debug|Any CPU.Build.0 = Debug|Any CPU
		{E60456DF-A978-4972-AF87-1744D8664C79}.Release|Any CPU.ActiveCfg = Release|Any CPU
		{E60456DF-A978-4972-AF87-1744D8664C79}.Release|Any CPU.Build.0 = Release|Any CPU
	EndGlobalSection
EndGlobal
